
Microsoft Visual Studio Solution File, Format Version 12.00
# Visual Studio Version 17
VisualStudioVersion = 17.1.32210.238
MinimumVisualStudioVersion = 10.0.40219.1
Project("{FAE04EC0-301F-11D3-BF4B-00C04F79EFBC}") = "HelloWorldBlazorServerApp", "HelloWorldBlazorServerApp\HelloWorldBlazorServerApp.csproj", "{8001472C-1765-4845-8E2B-F278E0328EE3}"
EndProject
Global
	GlobalSection(SolutionConfigurationPlatforms) = preSolution
		Debug|Any CPU = Debug|Any CPU
		Release|Any CPU = Release|Any CPU
	EndGlobalSection
	GlobalSection(ProjectConfigurationPlatforms) = postSolution
		{8001472C-1765-4845-8E2B-F278E0328EE3}.Debug|Any CPU.ActiveCfg = Debug|Any CPU
		{8001472C-1765-4845-8E2B-F278E0328EE3}.Debug|Any CPU.Build.0 = Debug|Any CPU
		{8001472C-1765-4845-8E2B-F278E0328EE3}.Release|Any CPU.ActiveCfg = Release|Any CPU
		{8001472C-1765-4845-8E2B-F278E0328EE3}.Release|Any CPU.Build.0 = Release|Any CPU
	EndGlobalSection
	GlobalSection(SolutionProperties) = preSolution
		HideSolutionNode = FALSE
	EndGlobalSection
	GlobalSection(ExtensibilityGlobals) = postSolution
		SolutionGuid = {E0A8C6CC-E2E2-46D5-B104-E47C6DFBFF08}
	EndGlobalSection
EndGlobal
